
Microsoft Visual Studio Solution File, Format Version 12.00
# Visual Studio Version 16
VisualStudioVersion = 16.0.30517.126
MinimumVisualStudioVersion = 10.0.40219.1
Project("{FAE04EC0-301F-11D3-BF4B-00C04F79EFBC}") = "DIS-Journal", "DIS-Journal\DIS-Journal.csproj", "{36D36250-9095-408B-9597-CDA26776AC1D}"
EndProject
Project("{FAE04EC0-301F-11D3-BF4B-00C04F79EFBC}") = "DIS-Journal.Tests", "DIS-Journal.Tests\DIS-Journal.Tests.csproj", "{044A0359-F82F-428D-9876-B34ABC01867B}"
EndProject
Global
	GlobalSection(SolutionConfigurationPlatforms) = preSolution
		Debug|Any CPU = Debug|Any CPU
		Release|Any CPU = Release|Any CPU
	EndGlobalSection
	GlobalSection(ProjectConfigurationPlatforms) = postSolution
		{36D36250-9095-408B-9597-CDA26776AC1D}.Debug|Any CPU.ActiveCfg = Debug|Any CPU
		{36D36250-9095-408B-9597-CDA26776AC1D}.Debug|Any CPU.Build.0 = Debug|Any CPU
		{36D36250-9095-408B-9597-CDA26776AC1D}.Release|Any CPU.ActiveCfg = Release|Any CPU
		{36D36250-9095-408B-9597-CDA26776AC1D}.Release|Any CPU.Build.0 = Release|Any CPU
		{044A0359-F82F-428D-9876-B34ABC01867B}.Debug|Any CPU.ActiveCfg = Debug|Any CPU
		{044A0359-F82F-428D-9876-B34ABC01867B}.Debug|Any CPU.Build.0 = Debug|Any CPU
		{044A0359-F82F-428D-9876-B34ABC01867B}.Release|Any CPU.ActiveCfg = Release|Any CPU
		{044A0359-F82F-428D-9876-B34ABC01867B}.Release|Any CPU.Build.0 = Release|Any CPU
	EndGlobalSection
	GlobalSection(SolutionProperties) = preSolution
		HideSolutionNode = FALSE
	EndGlobalSection
	GlobalSection(ExtensibilityGlobals) = postSolution
		SolutionGuid = {DCF15308-8883-43E0-9081-10253487A5FA}
	EndGlobalSection
EndGlobal
